// !$*UTF8*$!
{
	archiveVersion = 1;
	classes = {
	};
	objectVersion = 46;
	objects = {

/* Begin PBXBuildFile section */
		FAB32AA71B8113BA00F5BF2A /* AppDelegate.swift in Sources */ = {isa = PBXBuildFile; fileRef = FAB32AA61B8113BA00F5BF2A /* AppDelegate.swift */; };
		FAB32AA91B8113BA00F5BF2A /* ViewController.swift in Sources */ = {isa = PBXBuildFile; fileRef = FAB32AA81B8113BA00F5BF2A /* ViewController.swift */; };
		FAB32AAC1B8113BA00F5BF2A /* Main.storyboard in Resources */ = {isa = PBXBuildFile; fileRef = FAB32AAA1B8113BA00F5BF2A /* Main.storyboard */; };
		FAB32AAE1B8113BA00F5BF2A /* Images.xcassets in Resources */ = {isa = PBXBuildFile; fileRef = FAB32AAD1B8113BA00F5BF2A /* Images.xcassets */; };
		FAB32AB11B8113BA00F5BF2A /* LaunchScreen.xib in Resources */ = {isa = PBXBuildFile; fileRef = FAB32AAF1B8113BA00F5BF2A /* LaunchScreen.xib */; };
		FAB32ABD1B8113BA00F5BF2A /* TipsTests.swift in Sources */ = {isa = PBXBuildFile; fileRef = FAB32ABC1B8113BA00F5BF2A /* TipsTests.swift */; };
		FAB32AC71B8575FA00F5BF2A /* background.png in Resources */ = {isa = PBXBuildFile; fileRef = FAB32AC61B8575FA00F5BF2A /* background.png */; };
/* End PBXBuildFile section */

/* Begin PBXContainerItemProxy section */
		FAB32AB71B8113BA00F5BF2A /* PBXContainerItemProxy */ = {
			isa = PBXContainerItemProxy;
			containerPortal = FAB32A991B8113BA00F5BF2A /* Project object */;
			proxyType = 1;
			remoteGlobalIDString = FAB32AA01B8113BA00F5BF2A;
			remoteInfo = Tips;
		};
/* End PBXContainerItemProxy section */

/* Begin PBXFileReference section */
		FAB32AA11B8113BA00F5BF2A /* Tips.app */ = {isa = PBXFileReference; explicitFileType = wrapper.application; includeInIndex = 0; path = Tips.app; sourceTree = BUILT_PRODUCTS_DIR; };
		FAB32AA51B8113BA00F5BF2A /* Info.plist */ = {isa = PBXFileReference; lastKnownFileType = text.plist.xml; path = Info.plist; sourceTree = "<group>"; };
		FAB32AA61B8113BA00F5BF2A /* AppDelegate.swift */ = {isa = PBXFileReference; lastKnownFileType = sourcecode.swift; path = AppDelegate.swift; sourceTree = "<group>"; };
		FAB32AA81B8113BA00F5BF2A /* ViewController.swift */ = {isa = PBXFileReference; lastKnownFileType = sourcecode.swift; path = ViewController.swift; sourceTree = "<group>"; };
		FAB32AAB1B8113BA00F5BF2A /* Base */ = {isa = PBXFileReference; lastKnownFileType = file.storyboard; name = Base; path = Base.lproj/Main.storyboard; sourceTree = "<group>"; };
		FAB32AAD1B8113BA00F5BF2A /* Images.xcassets */ = {isa = PBXFileReference; lastKnownFileType = folder.assetcatalog; path = Images.xcassets; sourceTree = "<group>"; };
		FAB32AB01B8113BA00F5BF2A /* Base */ = {isa = PBXFileReference; lastKnownFileType = file.xib; name = Base; path = Base.lproj/LaunchScreen.xib; sourceTree = "<group>"; };
		FAB32AB61B8113BA00F5BF2A /* TipsTests.xctest */ = {isa = PBXFileReference; explicitFileType = wrapper.cfbundle; includeInIndex = 0; path = TipsTests.xctest; sourceTree = BUILT_PRODUCTS_DIR; };
		FAB32ABB1B8113BA00F5BF2A /* Info.plist */ = {isa = PBXFileReference; lastKnownFileType = text.plist.xml; path = Info.plist; sourceTree = "<group>"; };
		FAB32ABC1B8113BA00F5BF2A /* TipsTests.swift */ = {isa = PBXFileReference; lastKnownFileType = sourcecode.swift; path = TipsTests.swift; sourceTree = "<group>"; };
		FAB32AC61B8575FA00F5BF2A /* background.png */ = {isa = PBXFileReference; lastKnownFileType = image.png; name = background.png; path = ../../images/background.png; sourceTree = "<group>"; };
/* End PBXFileReference section */

/* Begin PBXFrameworksBuildPhase section */
		FAB32A9E1B8113BA00F5BF2A /* Frameworks */ = {
			isa = PBXFrameworksBuildPhase;
			buildActionMask = 2147483647;
			files = (
			);
			runOnlyForDeploymentPostprocessing = 0;
		};
		FAB32AB31B8113BA00F5BF2A /* Frameworks */ = {
			isa = PBXFrameworksBuildPhase;
			buildActionMask = 2147483647;
			files = (
			);
			runOnlyForDeploymentPostprocessing = 0;
		};
/* End PBXFrameworksBuildPhase section */

/* Begin PBXGroup section */
		FAB32A981B8113BA00F5BF2A = {
			isa = PBXGroup;
			children = (
				FAB32AA31B8113BA00F5BF2A /* Tips */,
				FAB32AB91B8113BA00F5BF2A /* TipsTests */,
				FAB32AA21B8113BA00F5BF2A /* Products */,
			);
			sourceTree = "<group>";
		};
		FAB32AA21B8113BA00F5BF2A /* Products */ = {
			isa = PBXGroup;
			children = (
				FAB32AA11B8113BA00F5BF2A /* Tips.app */,
				FAB32AB61B8113BA00F5BF2A /* TipsTests.xctest */,
			);
			name = Products;
			sourceTree = "<group>";
		};
		FAB32AA31B8113BA00F5BF2A /* Tips */ = {
			isa = PBXGroup;
			children = (
				FAB32AC61B8575FA00F5BF2A /* background.png */,
				FAB32AA61B8113BA00F5BF2A /* AppDelegate.swift */,
				FAB32AA81B8113BA00F5BF2A /* ViewController.swift */,
				FAB32AAA1B8113BA00F5BF2A /* Main.storyboard */,
				FAB32AAD1B8113BA00F5BF2A /* Images.xcassets */,
				FAB32AAF1B8113BA00F5BF2A /* LaunchScreen.xib */,
				FAB32AA41B8113BA00F5BF2A /* Supporting Files */,
			);
			path = Tips;
			sourceTree = "<group>";
		};
		FAB32AA41B8113BA00F5BF2A /* Supporting Files */ = {
			isa = PBXGroup;
			children = (
				FAB32AA51B8113BA00F5BF2A /* Info.plist */,
			);
			name = "Supporting Files";
			sourceTree = "<group>";
		};
		FAB32AB91B8113BA00F5BF2A /* TipsTests */ = {
			isa = PBXGroup;
			children = (
				FAB32ABC1B8113BA00F5BF2A /* TipsTests.swift */,
				FAB32ABA1B8113BA00F5BF2A /* Supporting Files */,
			);
			path = TipsTests;
			sourceTree = "<group>";
		};
		FAB32ABA1B8113BA00F5BF2A /* Supporting Files */ = {
			isa = PBXGroup;
			children = (
				FAB32ABB1B8113BA00F5BF2A /* Info.plist */,
			);
			name = "Supporting Files";
			sourceTree = "<group>";
		};
/* End PBXGroup section */

/* Begin PBXNativeTarget section */
		FAB32AA01B8113BA00F5BF2A /* Tips */ = {
			isa = PBXNativeTarget;
			buildConfigurationList = FAB32AC01B8113BA00F5BF2A /* Build configuration list for PBXNativeTarget "Tips" */;
			buildPhases = (
				FAB32A9D1B8113BA00F5BF2A /* Sources */,
				FAB32A9E1B8113BA00F5BF2A /* Frameworks */,
				FAB32A9F1B8113BA00F5BF2A /* Resources */,
			);
			buildRules = (
			);
			dependencies = (
			);
			name = Tips;
			productName = Tips;
			productReference = FAB32AA11B8113BA00F5BF2A /* Tips.app */;
			productType = "com.apple.product-type.application";
		};
		FAB32AB51B8113BA00F5BF2A /* TipsTests */ = {
			isa = PBXNativeTarget;
			buildConfigurationList = FAB32AC31B8113BA00F5BF2A /* Build configuration list for PBXNativeTarget "TipsTests" */;
			buildPhases = (
				FAB32AB21B8113BA00F5BF2A /* Sources */,
				FAB32AB31B8113BA00F5BF2A /* Frameworks */,
				FAB32AB41B8113BA00F5BF2A /* Resources */,
			);
			buildRules = (
			);
			dependencies = (
				FAB32AB81B8113BA00F5BF2A /* PBXTargetDependency */,
			);
			name = TipsTests;
			productName = TipsTests;
			productReference = FAB32AB61B8113BA00F5BF2A /* TipsTests.xctest */;
			productType = "com.apple.product-type.bundle.unit-test";
		};
/* End PBXNativeTarget section */

/* Begin PBXProject section */
		FAB32A991B8113BA00F5BF2A /* Project object */ = {
			isa = PBXProject;
			attributes = {
				LastUpgradeCheck = 0640;
				ORGANIZATIONNAME = "Cameron Lock";
				TargetAttributes = {
					FAB32AA01B8113BA00F5BF2A = {
						CreatedOnToolsVersion = 6.4;
					};
					FAB32AB51B8113BA00F5BF2A = {
						CreatedOnToolsVersion = 6.4;
						TestTargetID = FAB32AA01B8113BA00F5BF2A;
					};
				};
			};
			buildConfigurationList = FAB32A9C1B8113BA00F5BF2A /* Build configuration list for PBXProject "Tips" */;
			compatibilityVersion = "Xcode 3.2";
			developmentRegion = English;
			hasScannedForEncodings = 0;
			knownRegions = (
				en,
				Base,
			);
			mainGroup = FAB32A981B8113BA00F5BF2A;
			productRefGroup = FAB32AA21B8113BA00F5BF2A /* Products */;
			projectDirPath = "";
			projectRoot = "";
			targets = (
				FAB32AA01B8113BA00F5BF2A /* Tips */,
				FAB32AB51B8113BA00F5BF2A /* TipsTests */,
			);
		};
/* End PBXProject section */

/* Begin PBXResourcesBuildPhase section */
		FAB32A9F1B8113BA00F5BF2A /* Resources */ = {
			isa = PBXResourcesBuildPhase;
			buildActionMask = 2147483647;
			files = (
				FAB32AAC1B8113BA00F5BF2A /* Main.storyboard in Resources */,
				FAB32AC71B8575FA00F5BF2A /* background.png in Resources */,
				FAB32AB11B8113BA00F5BF2A /* LaunchScreen.xib in Resources */,
				FAB32AAE1B8113BA00F5BF2A /* Images.xcassets in Resources */,
			);
			runOnlyForDeploymentPostprocessing = 0;
		};
		FAB32AB41B8113BA00F5BF2A /* Resources */ = {
			isa = PBXResourcesBuildPhase;
			buildActionMask = 2147483647;
			files = (
			);
			runOnlyForDeploymentPostprocessing = 0;
		};
/* End PBXResourcesBuildPhase section */

/* Begin PBXSourcesBuildPhase section */
		FAB32A9D1B8113BA00F5BF2A /* Sources */ = {
			isa = PBXSourcesBuildPhase;
			buildActionMask = 2147483647;
			files = (
				FAB32AA91B8113BA00F5BF2A /* ViewController.swift in Sources */,
				FAB32AA71B8113BA00F5BF2A /* AppDelegate.swift in Sources */,
			);
			runOnlyForDeploymentPostprocessing = 0;
		};
		FAB32AB21B8113BA00F5BF2A /* Sources */ = {
			isa = PBXSourcesBuildPhase;
			buildActionMask = 2147483647;
			files = (
				FAB32ABD1B8113BA00F5BF2A /* TipsTests.swift in Sources */,
			);
			runOnlyForDeploymentPostprocessing = 0;
		};
/* End PBXSourcesBuildPhase section */

/* Begin PBXTargetDependency section */
		FAB32AB81B8113BA00F5BF2A /* PBXTargetDependency */ = {
			isa = PBXTargetDependency;
			target = FAB32AA01B8113BA00F5BF2A /* Tips */;
			targetProxy = FAB32AB71B8113BA00F5BF2A /* PBXContainerItemProxy */;
		};
/* End PBXTargetDependency section */

/* Begin PBXVariantGroup section */
		FAB32AAA1B8113BA00F5BF2A /* Main.storyboard */ = {
			isa = PBXVariantGroup;
			children = (
				FAB32AAB1B8113BA00F5BF2A /* Base */,
			);
			name = Main.storyboard;
			sourceTree = "<group>";
		};
		FAB32AAF1B8113BA00F5BF2A /* LaunchScreen.xib */ = {
			isa = PBXVariantGroup;
			children = (
				FAB32AB01B8113BA00F5BF2A /* Base */,
			);
			name = LaunchScreen.xib;
			sourceTree = "<group>";
		};
/* End PBXVariantGroup section */

/* Begin XCBuildConfiguration section */
		FAB32ABE1B8113BA00F5BF2A /* Debug */ = {
			isa = XCBuildConfiguration;
			buildSettings = {
				ALWAYS_SEARCH_USER_PATHS = NO;
				CLANG_CXX_LANGUAGE_STANDARD = "gnu++0x";
				CLANG_CXX_LIBRARY = "libc++";
				CLANG_ENABLE_MODULES = YES;
				CLANG_ENABLE_OBJC_ARC = YES;
				CLANG_WARN_BOOL_CONVERSION = YES;
				CLANG_WARN_CONSTANT_CONVERSION = YES;
				CLANG_WARN_DIRECT_OBJC_ISA_USAGE = YES_ERROR;
				CLANG_WARN_EMPTY_BODY = YES;
				CLANG_WARN_ENUM_CONVERSION = YES;
				CLANG_WARN_INT_CONVERSION = YES;
				CLANG_WARN_OBJC_ROOT_CLASS = YES_ERROR;
				CLANG_WARN_UNREACHABLE_CODE = YES;
				CLANG_WARN__DUPLICATE_METHOD_MATCH = YES;
				"CODE_SIGN_IDENTITY[sdk=iphoneos*]" = "iPhone Developer";
				COPY_PHASE_STRIP = NO;
				DEBUG_INFORMATION_FORMAT = "dwarf-with-dsym";
				ENABLE_STRICT_OBJC_MSGSEND = YES;
				GCC_C_LANGUAGE_STANDARD = gnu99;
				GCC_DYNAMIC_NO_PIC = NO;
				GCC_NO_COMMON_BLOCKS = YES;
				GCC_OPTIMIZATION_LEVEL = 0;
				GCC_PREPROCESSOR_DEFINITIONS = (
					"DEBUG=1",
					"$(inherited)",
				);
				GCC_SYMBOLS_PRIVATE_EXTERN = NO;
				GCC_WARN_64_TO_32_BIT_CONVERSION = YES;
				GCC_WARN_ABOUT_RETURN_TYPE = YES_ERROR;
				GCC_WARN_UNDECLARED_SELECTOR = YES;
				GCC_WARN_UNINITIALIZED_AUTOS = YES_AGGRESSIVE;
				GCC_WARN_UNUSED_FUNCTION = YES;
				GCC_WARN_UNUSED_VARIABLE = YES;
				IPHONEOS_DEPLOYMENT_TARGET = 8.4;
				MTL_ENABLE_DEBUG_INFO = YES;
				ONLY_ACTIVE_ARCH = YES;
				SDKROOT = iphoneos;
				SWIFT_OPTIMIZATION_LEVEL = "-Onone";
			};
			name = Debug;
		};
		FAB32ABF1B8113BA00F5BF2A /* Release */ = {
			isa = XCBuildConfiguration;
			buildSettings = {
				ALWAYS_SEARCH_USER_PATHS = NO;
				CLANG_CXX_LANGUAGE_STANDARD = "gnu++0x";
				CLANG_CXX_LIBRARY = "libc++";
				CLANG_ENABLE_MODULES = YES;
				CLANG_ENABLE_OBJC_ARC = YES;
				CLANG_WARN_BOOL_CONVERSION = YES;
				CLANG_WARN_CONSTANT_CONVERSION = YES;
				CLANG_WARN_DIRECT_OBJC_ISA_USAGE = YES_ERROR;
				CLANG_WARN_EMPTY_BODY = YES;
				CLANG_WARN_ENUM_CONVERSION = YES;
				CLANG_WARN_INT_CONVERSION = YES;
				CLANG_WARN_OBJC_ROOT_CLASS = YES_ERROR;
				CLANG_WARN_UNREACHABLE_CODE = YES;
				CLANG_WARN__DUPLICATE_METHOD_MATCH = YES;
				"CODE_SIGN_IDENTITY[sdk=iphoneos*]" = "iPhone Developer";
				COPY_PHASE_STRIP = NO;
				DEBUG_INFORMATION_FORMAT = "dwarf-with-dsym";
				ENABLE_NS_ASSERTIONS = NO;
				ENABLE_STRICT_OBJC_MSGSEND = YES;
				GCC_C_LANGUAGE_STANDARD = gnu99;
				GCC_NO_COMMON_BLOCKS = YES;
				GCC_WARN_64_TO_32_BIT_CONVERSION = YES;
				GCC_WARN_ABOUT_RETURN_TYPE = YES_ERROR;
				GCC_WARN_UNDECLARED_SELECTOR = YES;
				GCC_WARN_UNINITIALIZED_AUTOS = YES_AGGRESSIVE;
				GCC_WARN_UNUSED_FUNCTION = YES;
				GCC_WARN_UNUSED_VARIABLE = YES;
				IPHONEOS_DEPLOYMENT_TARGET = 8.4;
				MTL_ENABLE_DEBUG_INFO = NO;
				SDKROOT = iphoneos;
				VALIDATE_PRODUCT = YES;
			};
			name = Release;
		};
		FAB32AC11B8113BA00F5BF2A /* Debug */ = {
			isa = XCBuildConfiguration;
			buildSettings = {
				ASSETCATALOG_COMPILER_APPICON_NAME = AppIcon;
				INFOPLIST_FILE = Tips/Info.plist;
				IPHONEOS_DEPLOYMENT_TARGET = 8.3;
				LD_RUNPATH_SEARCH_PATHS = "$(inherited) @executable_path/Frameworks";
				PRODUCT_NAME = "$(TARGET_NAME)";
			};
			name = Debug;
		};
		FAB32AC21B8113BA00F5BF2A /* Release */ = {
			isa = XCBuildConfiguration;
			buildSettings = {
				ASSETCATALOG_COMPILER_APPICON_NAME = AppIcon;
				INFOPLIST_FILE = Tips/Info.plist;
				IPHONEOS_DEPLOYMENT_TARGET = 8.3;
				LD_RUNPATH_SEARCH_PATHS = "$(inherited) @executable_path/Frameworks";
				PRODUCT_NAME = "$(TARGET_NAME)";
			};
			name = Release;
		};
		FAB32AC41B8113BA00F5BF2A /* Debug */ = {
			isa = XCBuildConfiguration;
			buildSettings = {
				BUNDLE_LOADER = "$(TEST_HOST)";
				FRAMEWORK_SEARCH_PATHS = (
					"$(SDKROOT)/Developer/Library/Frameworks",
					"$(inherited)",
				);
				GCC_PREPROCESSOR_DEFINITIONS = (
					"DEBUG=1",
					"$(inherited)",
				);
				INFOPLIST_FILE = TipsTests/Info.plist;
				LD_RUNPATH_SEARCH_PATHS = "$(inherited) @executable_path/Frameworks @loader_path/Frameworks";
				PRODUCT_NAME = "$(TARGET_NAME)";
				TEST_HOST = "$(BUILT_PRODUCTS_DIR)/Tips.app/Tips";
			};
			name = Debug;
		};
		FAB32AC51B8113BA00F5BF2A /* Release */ = {
			isa = XCBuildConfiguration;
			buildSettings = {
				BUNDLE_LOADER = "$(TEST_HOST)";
				FRAMEWORK_SEARCH_PATHS = (
					"$(SDKROOT)/Developer/Library/Frameworks",
					"$(inherited)",
				);
				INFOPLIST_FILE = TipsTests/Info.plist;
				LD_RUNPATH_SEARCH_PATHS = "$(inherited) @executable_path/Frameworks @loader_path/Frameworks";
				PRODUCT_NAME = "$(TARGET_NAME)";
				TEST_HOST = "$(BUILT_PRODUCTS_DIR)/Tips.app/Tips";
			};
			name = Release;
		};
/* End XCBuildConfiguration section */

/* Begin XCConfigurationList section */
		FAB32A9C1B8113BA00F5BF2A /* Build configuration list for PBXProject "Tips" */ = {
			isa = XCConfigurationList;
			buildConfigurations = (
				FAB32ABE1B8113BA00F5BF2A /* Debug */,
				FAB32ABF1B8113BA00F5BF2A /* Release */,
			);
			defaultConfigurationIsVisible = 0;
			defaultConfigurationName = Release;
		};
		FAB32AC01B8113BA00F5BF2A /* Build configuration list for PBXNativeTarget "Tips" */ = {
			isa = XCConfigurationList;
			buildConfigurations = (
				FAB32AC11B8113BA00F5BF2A /* Debug */,
				FAB32AC21B8113BA00F5BF2A /* Release */,
			);
			defaultConfigurationIsVisible = 0;
		};
		FAB32AC31B8113BA00F5BF2A /* Build configuration list for PBXNativeTarget "TipsTests" */ = {
			isa = XCConfigurationList;
			buildConfigurations = (
				FAB32AC41B8113BA00F5BF2A /* Debug */,
				FAB32AC51B8113BA00F5BF2A /* Release */,
			);
			defaultConfigurationIsVisible = 0;
		};
/* End XCConfigurationList section */
	};
	rootObject = FAB32A991B8113BA00F5BF2A /* Project object */;
}
